
Microsoft Visual Studio Solution File, Format Version 12.00
# Visual Studio Version 17
VisualStudioVersion = 17.7.34202.233
MinimumVisualStudioVersion = 10.0.40219.1
Project("{FAE04EC0-301F-11D3-BF4B-00C04F79EFBC}") = "listak", "listak.csproj", "{2760FE15-4370-45D9-8F49-1D15EB8DD607}"
EndProject
Global
	GlobalSection(SolutionConfigurationPlatforms) = preSolution
		Debug|Any CPU = Debug|Any CPU
		Release|Any CPU = Release|Any CPU
	EndGlobalSection
	GlobalSection(ProjectConfigurationPlatforms) = postSolution
		{2760FE15-4370-45D9-8F49-1D15EB8DD607}.Debug|Any CPU.ActiveCfg = Debug|Any CPU
		{2760FE15-4370-45D9-8F49-1D15EB8DD607}.Debug|Any CPU.Build.0 = Debug|Any CPU
		{2760FE15-4370-45D9-8F49-1D15EB8DD607}.Release|Any CPU.ActiveCfg = Release|Any CPU
		{2760FE15-4370-45D9-8F49-1D15EB8DD607}.Release|Any CPU.Build.0 = Release|Any CPU
	EndGlobalSection
	GlobalSection(SolutionProperties) = preSolution
		HideSolutionNode = FALSE
	EndGlobalSection
	GlobalSection(ExtensibilityGlobals) = postSolution
		SolutionGuid = {D4D7FFDA-04BB-4032-9123-3A5F6431D81D}
	EndGlobalSection
EndGlobal
