
Microsoft Visual Studio Solution File, Format Version 12.00
# Visual Studio Version 17
VisualStudioVersion = 17.7.34202.233
MinimumVisualStudioVersion = 10.0.40219.1
Project("{FAE04EC0-301F-11D3-BF4B-00C04F79EFBC}") = "20_kiiratas", "20_kiiratas.csproj", "{3C6B72E1-A5B1-4B06-981D-9658EA36E6BF}"
EndProject
Global
	GlobalSection(SolutionConfigurationPlatforms) = preSolution
		Debug|Any CPU = Debug|Any CPU
		Release|Any CPU = Release|Any CPU
	EndGlobalSection
	GlobalSection(ProjectConfigurationPlatforms) = postSolution
		{3C6B72E1-A5B1-4B06-981D-9658EA36E6BF}.Debug|Any CPU.ActiveCfg = Debug|Any CPU
		{3C6B72E1-A5B1-4B06-981D-9658EA36E6BF}.Debug|Any CPU.Build.0 = Debug|Any CPU
		{3C6B72E1-A5B1-4B06-981D-9658EA36E6BF}.Release|Any CPU.ActiveCfg = Release|Any CPU
		{3C6B72E1-A5B1-4B06-981D-9658EA36E6BF}.Release|Any CPU.Build.0 = Release|Any CPU
	EndGlobalSection
	GlobalSection(SolutionProperties) = preSolution
		HideSolutionNode = FALSE
	EndGlobalSection
	GlobalSection(ExtensibilityGlobals) = postSolution
		SolutionGuid = {D816C7C9-8EB5-4BAF-9203-20B92AB1F03A}
	EndGlobalSection
EndGlobal
