
Microsoft Visual Studio Solution File, Format Version 12.00
# Visual Studio Version 17
VisualStudioVersion = 17.7.34031.279
MinimumVisualStudioVersion = 10.0.40219.1
Project("{FAE04EC0-301F-11D3-BF4B-00C04F79EFBC}") = "01_benzin_megoldas", "01_benzin_megoldas.csproj", "{B799DB25-5178-4B99-A2A1-E52A84E8FDFA}"
EndProject
Global
	GlobalSection(SolutionConfigurationPlatforms) = preSolution
		Debug|Any CPU = Debug|Any CPU
		Release|Any CPU = Release|Any CPU
	EndGlobalSection
	GlobalSection(ProjectConfigurationPlatforms) = postSolution
		{B799DB25-5178-4B99-A2A1-E52A84E8FDFA}.Debug|Any CPU.ActiveCfg = Debug|Any CPU
		{B799DB25-5178-4B99-A2A1-E52A84E8FDFA}.Debug|Any CPU.Build.0 = Debug|Any CPU
		{B799DB25-5178-4B99-A2A1-E52A84E8FDFA}.Release|Any CPU.ActiveCfg = Release|Any CPU
		{B799DB25-5178-4B99-A2A1-E52A84E8FDFA}.Release|Any CPU.Build.0 = Release|Any CPU
	EndGlobalSection
	GlobalSection(SolutionProperties) = preSolution
		HideSolutionNode = FALSE
	EndGlobalSection
	GlobalSection(ExtensibilityGlobals) = postSolution
		SolutionGuid = {EF8E51E1-42D6-447D-99C0-8868D16244A8}
	EndGlobalSection
EndGlobal
