
Microsoft Visual Studio Solution File, Format Version 12.00
# Visual Studio Version 17
VisualStudioVersion = 17.7.34031.279
MinimumVisualStudioVersion = 10.0.40219.1
Project("{FAE04EC0-301F-11D3-BF4B-00C04F79EFBC}") = "08_tombok", "08_tombok.csproj", "{ABD16BC8-6A54-41CE-8893-DD92416B3E29}"
EndProject
Global
	GlobalSection(SolutionConfigurationPlatforms) = preSolution
		Debug|Any CPU = Debug|Any CPU
		Release|Any CPU = Release|Any CPU
	EndGlobalSection
	GlobalSection(ProjectConfigurationPlatforms) = postSolution
		{ABD16BC8-6A54-41CE-8893-DD92416B3E29}.Debug|Any CPU.ActiveCfg = Debug|Any CPU
		{ABD16BC8-6A54-41CE-8893-DD92416B3E29}.Debug|Any CPU.Build.0 = Debug|Any CPU
		{ABD16BC8-6A54-41CE-8893-DD92416B3E29}.Release|Any CPU.ActiveCfg = Release|Any CPU
		{ABD16BC8-6A54-41CE-8893-DD92416B3E29}.Release|Any CPU.Build.0 = Release|Any CPU
	EndGlobalSection
	GlobalSection(SolutionProperties) = preSolution
		HideSolutionNode = FALSE
	EndGlobalSection
	GlobalSection(ExtensibilityGlobals) = postSolution
		SolutionGuid = {1470C567-E007-4DBB-A8C4-B267A9DB569F}
	EndGlobalSection
EndGlobal
