
Microsoft Visual Studio Solution File, Format Version 12.00
# Visual Studio Version 17
VisualStudioVersion = 17.7.34202.233
MinimumVisualStudioVersion = 10.0.40219.1
Project("{FAE04EC0-301F-11D3-BF4B-00C04F79EFBC}") = "13_alprogramok", "13_alprogramok.csproj", "{589D7A8D-F061-4867-9D97-868AC5BDB522}"
EndProject
Global
	GlobalSection(SolutionConfigurationPlatforms) = preSolution
		Debug|Any CPU = Debug|Any CPU
		Release|Any CPU = Release|Any CPU
	EndGlobalSection
	GlobalSection(ProjectConfigurationPlatforms) = postSolution
		{589D7A8D-F061-4867-9D97-868AC5BDB522}.Debug|Any CPU.ActiveCfg = Debug|Any CPU
		{589D7A8D-F061-4867-9D97-868AC5BDB522}.Debug|Any CPU.Build.0 = Debug|Any CPU
		{589D7A8D-F061-4867-9D97-868AC5BDB522}.Release|Any CPU.ActiveCfg = Release|Any CPU
		{589D7A8D-F061-4867-9D97-868AC5BDB522}.Release|Any CPU.Build.0 = Release|Any CPU
	EndGlobalSection
	GlobalSection(SolutionProperties) = preSolution
		HideSolutionNode = FALSE
	EndGlobalSection
	GlobalSection(ExtensibilityGlobals) = postSolution
		SolutionGuid = {549F0AC7-49CE-417A-B721-FC2B058417F8}
	EndGlobalSection
EndGlobal
