
Microsoft Visual Studio Solution File, Format Version 12.00
# Visual Studio Version 17
VisualStudioVersion = 17.7.34031.279
MinimumVisualStudioVersion = 10.0.40219.1
Project("{FAE04EC0-301F-11D3-BF4B-00C04F79EFBC}") = "07_random_szamok", "07_random_szamok.csproj", "{90101331-D97B-475B-8F8E-3CFE90641261}"
EndProject
Global
	GlobalSection(SolutionConfigurationPlatforms) = preSolution
		Debug|Any CPU = Debug|Any CPU
		Release|Any CPU = Release|Any CPU
	EndGlobalSection
	GlobalSection(ProjectConfigurationPlatforms) = postSolution
		{90101331-D97B-475B-8F8E-3CFE90641261}.Debug|Any CPU.ActiveCfg = Debug|Any CPU
		{90101331-D97B-475B-8F8E-3CFE90641261}.Debug|Any CPU.Build.0 = Debug|Any CPU
		{90101331-D97B-475B-8F8E-3CFE90641261}.Release|Any CPU.ActiveCfg = Release|Any CPU
		{90101331-D97B-475B-8F8E-3CFE90641261}.Release|Any CPU.Build.0 = Release|Any CPU
	EndGlobalSection
	GlobalSection(SolutionProperties) = preSolution
		HideSolutionNode = FALSE
	EndGlobalSection
	GlobalSection(ExtensibilityGlobals) = postSolution
		SolutionGuid = {97EF7AE0-C62B-41CB-8132-4CEBD073CDC0}
	EndGlobalSection
EndGlobal
