
Microsoft Visual Studio Solution File, Format Version 12.00
# Visual Studio Version 17
VisualStudioVersion = 17.7.34031.279
MinimumVisualStudioVersion = 10.0.40219.1
Project("{FAE04EC0-301F-11D3-BF4B-00C04F79EFBC}") = "10_kulonbozo_szamok", "10_kulonbozo_szamok.csproj", "{05181E51-0956-4794-8355-4B001382EB23}"
EndProject
Global
	GlobalSection(SolutionConfigurationPlatforms) = preSolution
		Debug|Any CPU = Debug|Any CPU
		Release|Any CPU = Release|Any CPU
	EndGlobalSection
	GlobalSection(ProjectConfigurationPlatforms) = postSolution
		{05181E51-0956-4794-8355-4B001382EB23}.Debug|Any CPU.ActiveCfg = Debug|Any CPU
		{05181E51-0956-4794-8355-4B001382EB23}.Debug|Any CPU.Build.0 = Debug|Any CPU
		{05181E51-0956-4794-8355-4B001382EB23}.Release|Any CPU.ActiveCfg = Release|Any CPU
		{05181E51-0956-4794-8355-4B001382EB23}.Release|Any CPU.Build.0 = Release|Any CPU
	EndGlobalSection
	GlobalSection(SolutionProperties) = preSolution
		HideSolutionNode = FALSE
	EndGlobalSection
	GlobalSection(ExtensibilityGlobals) = postSolution
		SolutionGuid = {27CA8B5B-8489-4BC5-B9FC-8C04445A7CC4}
	EndGlobalSection
EndGlobal
