
Microsoft Visual Studio Solution File, Format Version 12.00
# Visual Studio Version 17
VisualStudioVersion = 17.7.34031.279
MinimumVisualStudioVersion = 10.0.40219.1
Project("{FAE04EC0-301F-11D3-BF4B-00C04F79EFBC}") = "10_5_2_megoldas", "10_5_2_megoldas.csproj", "{0D31608E-BC1B-4AF2-858B-F6641770F7FD}"
EndProject
Global
	GlobalSection(SolutionConfigurationPlatforms) = preSolution
		Debug|Any CPU = Debug|Any CPU
		Release|Any CPU = Release|Any CPU
	EndGlobalSection
	GlobalSection(ProjectConfigurationPlatforms) = postSolution
		{0D31608E-BC1B-4AF2-858B-F6641770F7FD}.Debug|Any CPU.ActiveCfg = Debug|Any CPU
		{0D31608E-BC1B-4AF2-858B-F6641770F7FD}.Debug|Any CPU.Build.0 = Debug|Any CPU
		{0D31608E-BC1B-4AF2-858B-F6641770F7FD}.Release|Any CPU.ActiveCfg = Release|Any CPU
		{0D31608E-BC1B-4AF2-858B-F6641770F7FD}.Release|Any CPU.Build.0 = Release|Any CPU
	EndGlobalSection
	GlobalSection(SolutionProperties) = preSolution
		HideSolutionNode = FALSE
	EndGlobalSection
	GlobalSection(ExtensibilityGlobals) = postSolution
		SolutionGuid = {C1BB2665-4C2D-4111-B3B4-7508D6596829}
	EndGlobalSection
EndGlobal
