
Microsoft Visual Studio Solution File, Format Version 12.00
# Visual Studio Version 17
VisualStudioVersion = 17.7.34031.279
MinimumVisualStudioVersion = 10.0.40219.1
Project("{FAE04EC0-301F-11D3-BF4B-00C04F79EFBC}") = "15_zh_3_feladat", "15_zh_3_feladat.csproj", "{0FFE9465-7BBF-4BDC-8CBD-D350DA8084A7}"
EndProject
Global
	GlobalSection(SolutionConfigurationPlatforms) = preSolution
		Debug|Any CPU = Debug|Any CPU
		Release|Any CPU = Release|Any CPU
	EndGlobalSection
	GlobalSection(ProjectConfigurationPlatforms) = postSolution
		{0FFE9465-7BBF-4BDC-8CBD-D350DA8084A7}.Debug|Any CPU.ActiveCfg = Debug|Any CPU
		{0FFE9465-7BBF-4BDC-8CBD-D350DA8084A7}.Debug|Any CPU.Build.0 = Debug|Any CPU
		{0FFE9465-7BBF-4BDC-8CBD-D350DA8084A7}.Release|Any CPU.ActiveCfg = Release|Any CPU
		{0FFE9465-7BBF-4BDC-8CBD-D350DA8084A7}.Release|Any CPU.Build.0 = Release|Any CPU
	EndGlobalSection
	GlobalSection(SolutionProperties) = preSolution
		HideSolutionNode = FALSE
	EndGlobalSection
	GlobalSection(ExtensibilityGlobals) = postSolution
		SolutionGuid = {CC9D4D10-DA6C-499E-A79D-E829F497C6A3}
	EndGlobalSection
EndGlobal
