
Microsoft Visual Studio Solution File, Format Version 12.00
# Visual Studio Version 17
VisualStudioVersion = 17.7.34031.279
MinimumVisualStudioVersion = 10.0.40219.1
Project("{FAE04EC0-301F-11D3-BF4B-00C04F79EFBC}") = "13_megoldas_5_2", "13_megoldas_5_2.csproj", "{27BD943C-F858-4EE9-AB8B-A5A3A10BD6BC}"
EndProject
Global
	GlobalSection(SolutionConfigurationPlatforms) = preSolution
		Debug|Any CPU = Debug|Any CPU
		Release|Any CPU = Release|Any CPU
	EndGlobalSection
	GlobalSection(ProjectConfigurationPlatforms) = postSolution
		{27BD943C-F858-4EE9-AB8B-A5A3A10BD6BC}.Debug|Any CPU.ActiveCfg = Debug|Any CPU
		{27BD943C-F858-4EE9-AB8B-A5A3A10BD6BC}.Debug|Any CPU.Build.0 = Debug|Any CPU
		{27BD943C-F858-4EE9-AB8B-A5A3A10BD6BC}.Release|Any CPU.ActiveCfg = Release|Any CPU
		{27BD943C-F858-4EE9-AB8B-A5A3A10BD6BC}.Release|Any CPU.Build.0 = Release|Any CPU
	EndGlobalSection
	GlobalSection(SolutionProperties) = preSolution
		HideSolutionNode = FALSE
	EndGlobalSection
	GlobalSection(ExtensibilityGlobals) = postSolution
		SolutionGuid = {EAD98A50-AC63-4F2B-8C0D-78B30C4FD50D}
	EndGlobalSection
EndGlobal
