
Microsoft Visual Studio Solution File, Format Version 12.00
# Visual Studio Version 17
VisualStudioVersion = 17.7.34202.233
MinimumVisualStudioVersion = 10.0.40219.1
Project("{FAE04EC0-301F-11D3-BF4B-00C04F79EFBC}") = "zh_gyak", "zh_gyak.csproj", "{CC035493-C8F7-416D-BD11-3333553CA958}"
EndProject
Global
	GlobalSection(SolutionConfigurationPlatforms) = preSolution
		Debug|Any CPU = Debug|Any CPU
		Release|Any CPU = Release|Any CPU
	EndGlobalSection
	GlobalSection(ProjectConfigurationPlatforms) = postSolution
		{CC035493-C8F7-416D-BD11-3333553CA958}.Debug|Any CPU.ActiveCfg = Debug|Any CPU
		{CC035493-C8F7-416D-BD11-3333553CA958}.Debug|Any CPU.Build.0 = Debug|Any CPU
		{CC035493-C8F7-416D-BD11-3333553CA958}.Release|Any CPU.ActiveCfg = Release|Any CPU
		{CC035493-C8F7-416D-BD11-3333553CA958}.Release|Any CPU.Build.0 = Release|Any CPU
	EndGlobalSection
	GlobalSection(SolutionProperties) = preSolution
		HideSolutionNode = FALSE
	EndGlobalSection
	GlobalSection(ExtensibilityGlobals) = postSolution
		SolutionGuid = {C4241054-390E-4499-AF45-A496640A3310}
	EndGlobalSection
EndGlobal
